{
  "name": "exercici-02",
  "version": "1.0.0",
  "lockfileVersion": 3,
  "requires": true,
  "packages": {
    "": {
      "name": "exercici-02",
      "version": "1.0.0",
      "license": "ISC",
      "dependencies": {
        "exercici-02": "file:"
      }
    },
    "node_modules/exercici-02": {
      "resolved": "",
      "link": true
    }
  }
}
